
Microsoft Visual Studio Solution File, Format Version 12.00
# Visual Studio 14
VisualStudioVersion = 14.0.25420.1
MinimumVisualStudioVersion = 10.0.40219.1
Project("{2150E333-8FDC-42A3-9474-1A3956D46DE8}") = "0 - Presentation", "0 - Presentation", "{1BA65EA2-1297-4C7C-B396-5BC9E8EF094D}"
EndProject
Project("{2150E333-8FDC-42A3-9474-1A3956D46DE8}") = "1 - Services", "1 - Services", "{B5D3C6F7-AEC8-4229-B4DD-E233BDAFC10D}"
EndProject
Project("{2150E333-8FDC-42A3-9474-1A3956D46DE8}") = "2 - Application", "2 - Application", "{E88BCC11-696E-4A13-9226-32FF9CDB4E6C}"
EndProject
Project("{2150E333-8FDC-42A3-9474-1A3956D46DE8}") = "3- Domain", "3- Domain", "{6C8DE64D-25F9-462F-BC99-9DC73142B9FC}"
EndProject
Project("{2150E333-8FDC-42A3-9474-1A3956D46DE8}") = "4- Infra", "4- Infra", "{8C8422D0-6AEA-4563-BB70-7D854E3E2267}"
EndProject
Project("{2150E333-8FDC-42A3-9474-1A3956D46DE8}") = "4.1 - Data", "4.1 - Data", "{E3704CAB-C588-4196-96A7-D7592ADF02C9}"
EndProject
Project("{2150E333-8FDC-42A3-9474-1A3956D46DE8}") = "4.2 - Crosscutting", "4.2 - Crosscutting", "{3B26D61A-14FB-474D-9687-FB0084B865B5}"
EndProject
Project("{FAE04EC0-301F-11D3-BF4B-00C04F79EFBC}") = "TaskList.MVC", "TaskList.MVC\TaskList.MVC.csproj", "{239E07E0-DBE1-4353-8FC2-BA9907124F26}"
EndProject
Project("{FAE04EC0-301F-11D3-BF4B-00C04F79EFBC}") = "TaskList.Domain", "TaskList.Domain\TaskList.Domain.csproj", "{67850E2E-AD16-4B70-90ED-BB352E2BFBA8}"
EndProject
Project("{FAE04EC0-301F-11D3-BF4B-00C04F79EFBC}") = "TaskList.Infra.Data", "TaskList.Infra.Data\TaskList.Infra.Data.csproj", "{1DDDC5C3-F9D7-458D-A888-A1D40246464A}"
EndProject
Project("{FAE04EC0-301F-11D3-BF4B-00C04F79EFBC}") = "TaskList.Application", "TaskList.Application\TaskList.Application.csproj", "{11C081FF-113B-4BC5-BBE4-311B4EA8E8FE}"
EndProject
Project("{FAE04EC0-301F-11D3-BF4B-00C04F79EFBC}") = "TaskList.Infra.CrossCutting", "TaskList.Infra.CrossCutting\TaskList.Infra.CrossCutting.csproj", "{5715DB23-5AA4-4076-A60E-3982C02F11AF}"
EndProject
Project("{FAE04EC0-301F-11D3-BF4B-00C04F79EFBC}") = "TaskList.WebApi", "TaskList.WebApi\TaskList.WebApi.csproj", "{DAECC5E4-0750-422B-B844-594028D9DE92}"
EndProject
Global
	GlobalSection(SolutionConfigurationPlatforms) = preSolution
		Debug|Any CPU = Debug|Any CPU
		Release|Any CPU = Release|Any CPU
	EndGlobalSection
	GlobalSection(ProjectConfigurationPlatforms) = postSolution
		{239E07E0-DBE1-4353-8FC2-BA9907124F26}.Debug|Any CPU.ActiveCfg = Debug|Any CPU
		{239E07E0-DBE1-4353-8FC2-BA9907124F26}.Debug|Any CPU.Build.0 = Debug|Any CPU
		{239E07E0-DBE1-4353-8FC2-BA9907124F26}.Release|Any CPU.ActiveCfg = Release|Any CPU
		{239E07E0-DBE1-4353-8FC2-BA9907124F26}.Release|Any CPU.Build.0 = Release|Any CPU
		{67850E2E-AD16-4B70-90ED-BB352E2BFBA8}.Debug|Any CPU.ActiveCfg = Debug|Any CPU
		{67850E2E-AD16-4B70-90ED-BB352E2BFBA8}.Debug|Any CPU.Build.0 = Debug|Any CPU
		{67850E2E-AD16-4B70-90ED-BB352E2BFBA8}.Release|Any CPU.ActiveCfg = Release|Any CPU
		{67850E2E-AD16-4B70-90ED-BB352E2BFBA8}.Release|Any CPU.Build.0 = Release|Any CPU
		{1DDDC5C3-F9D7-458D-A888-A1D40246464A}.Debug|Any CPU.ActiveCfg = Debug|Any CPU
		{1DDDC5C3-F9D7-458D-A888-A1D40246464A}.Debug|Any CPU.Build.0 = Debug|Any CPU
		{1DDDC5C3-F9D7-458D-A888-A1D40246464A}.Release|Any CPU.ActiveCfg = Release|Any CPU
		{1DDDC5C3-F9D7-458D-A888-A1D40246464A}.Release|Any CPU.Build.0 = Release|Any CPU
		{11C081FF-113B-4BC5-BBE4-311B4EA8E8FE}.Debug|Any CPU.ActiveCfg = Debug|Any CPU
		{11C081FF-113B-4BC5-BBE4-311B4EA8E8FE}.Debug|Any CPU.Build.0 = Debug|Any CPU
		{11C081FF-113B-4BC5-BBE4-311B4EA8E8FE}.Release|Any CPU.ActiveCfg = Release|Any CPU
		{11C081FF-113B-4BC5-BBE4-311B4EA8E8FE}.Release|Any CPU.Build.0 = Release|Any CPU
		{5715DB23-5AA4-4076-A60E-3982C02F11AF}.Debug|Any CPU.ActiveCfg = Debug|Any CPU
		{5715DB23-5AA4-4076-A60E-3982C02F11AF}.Debug|Any CPU.Build.0 = Debug|Any CPU
		{5715DB23-5AA4-4076-A60E-3982C02F11AF}.Release|Any CPU.ActiveCfg = Release|Any CPU
		{5715DB23-5AA4-4076-A60E-3982C02F11AF}.Release|Any CPU.Build.0 = Release|Any CPU
		{DAECC5E4-0750-422B-B844-594028D9DE92}.Debug|Any CPU.ActiveCfg = Debug|Any CPU
		{DAECC5E4-0750-422B-B844-594028D9DE92}.Debug|Any CPU.Build.0 = Debug|Any CPU
		{DAECC5E4-0750-422B-B844-594028D9DE92}.Release|Any CPU.ActiveCfg = Release|Any CPU
		{DAECC5E4-0750-422B-B844-594028D9DE92}.Release|Any CPU.Build.0 = Release|Any CPU
	EndGlobalSection
	GlobalSection(SolutionProperties) = preSolution
		HideSolutionNode = FALSE
	EndGlobalSection
	GlobalSection(NestedProjects) = preSolution
		{E3704CAB-C588-4196-96A7-D7592ADF02C9} = {8C8422D0-6AEA-4563-BB70-7D854E3E2267}
		{3B26D61A-14FB-474D-9687-FB0084B865B5} = {8C8422D0-6AEA-4563-BB70-7D854E3E2267}
		{239E07E0-DBE1-4353-8FC2-BA9907124F26} = {1BA65EA2-1297-4C7C-B396-5BC9E8EF094D}
		{67850E2E-AD16-4B70-90ED-BB352E2BFBA8} = {6C8DE64D-25F9-462F-BC99-9DC73142B9FC}
		{1DDDC5C3-F9D7-458D-A888-A1D40246464A} = {E3704CAB-C588-4196-96A7-D7592ADF02C9}
		{11C081FF-113B-4BC5-BBE4-311B4EA8E8FE} = {E88BCC11-696E-4A13-9226-32FF9CDB4E6C}
		{5715DB23-5AA4-4076-A60E-3982C02F11AF} = {3B26D61A-14FB-474D-9687-FB0084B865B5}
		{DAECC5E4-0750-422B-B844-594028D9DE92} = {B5D3C6F7-AEC8-4229-B4DD-E233BDAFC10D}
	EndGlobalSection
EndGlobal
